// !$*UTF8*$!
{
	archiveVersion = 1;
	classes = {
	};
	objectVersion = 55;
	objects = {

/* Begin PBXBuildFile section */
		C9B9122B28AFF1CE00A19796 /* LotteryPickerApp.swift in Sources */ = {isa = PBXBuildFile; fileRef = C9B9122A28AFF1CE00A19796 /* LotteryPickerApp.swift */; };
		C9B9122D28AFF1CE00A19796 /* ContentView.swift in Sources */ = {isa = PBXBuildFile; fileRef = C9B9122C28AFF1CE00A19796 /* ContentView.swift */; };
		C9B9122F28AFF1CF00A19796 /* Assets.xcassets in Resources */ = {isa = PBXBuildFile; fileRef = C9B9122E28AFF1CF00A19796 /* Assets.xcassets */; };
		C9B9123228AFF1CF00A19796 /* Preview Assets.xcassets in Resources */ = {isa = PBXBuildFile; fileRef = C9B9123128AFF1CF00A19796 /* Preview Assets.xcassets */; };
		C9B9123C28AFF1CF00A19796 /* LotteryPickerTests.swift in Sources */ = {isa = PBXBuildFile; fileRef = C9B9123B28AFF1CF00A19796 /* LotteryPickerTests.swift */; };
		C9B9124628AFF1CF00A19796 /* LotteryPickerUITests.swift in Sources */ = {isa = PBXBuildFile; fileRef = C9B9124528AFF1CF00A19796 /* LotteryPickerUITests.swift */; };
		C9B9124828AFF1CF00A19796 /* LotteryPickerUITestsLaunchTests.swift in Sources */ = {isa = PBXBuildFile; fileRef = C9B9124728AFF1CF00A19796 /* LotteryPickerUITestsLaunchTests.swift */; };
		C9B9125828AFF9B500A19796 /* Picker649.swift in Sources */ = {isa = PBXBuildFile; fileRef = C9B9125728AFF9B500A19796 /* Picker649.swift */; };
/* End PBXBuildFile section */

/* Begin PBXContainerItemProxy section */
		C9B9123828AFF1CF00A19796 /* PBXContainerItemProxy */ = {
			isa = PBXContainerItemProxy;
			containerPortal = C9B9121F28AFF1CE00A19796 /* Project object */;
			proxyType = 1;
			remoteGlobalIDString = C9B9122628AFF1CE00A19796;
			remoteInfo = LotteryPicker;
		};
		C9B9124228AFF1CF00A19796 /* PBXContainerItemProxy */ = {
			isa = PBXContainerItemProxy;
			containerPortal = C9B9121F28AFF1CE00A19796 /* Project object */;
			proxyType = 1;
			remoteGlobalIDString = C9B9122628AFF1CE00A19796;
			remoteInfo = LotteryPicker;
		};
/* End PBXContainerItemProxy section */

/* Begin PBXFileReference section */
		C9B9122728AFF1CE00A19796 /* LotteryPicker.app */ = {isa = PBXFileReference; explicitFileType = wrapper.application; includeInIndex = 0; path = LotteryPicker.app; sourceTree = BUILT_PRODUCTS_DIR; };
		C9B9122A28AFF1CE00A19796 /* LotteryPickerApp.swift */ = {isa = PBXFileReference; lastKnownFileType = sourcecode.swift; path = LotteryPickerApp.swift; sourceTree = "<group>"; };
		C9B9122C28AFF1CE00A19796 /* ContentView.swift */ = {isa = PBXFileReference; lastKnownFileType = sourcecode.swift; path = ContentView.swift; sourceTree = "<group>"; };
		C9B9122E28AFF1CF00A19796 /* Assets.xcassets */ = {isa = PBXFileReference; lastKnownFileType = folder.assetcatalog; path = Assets.xcassets; sourceTree = "<group>"; };
		C9B9123128AFF1CF00A19796 /* Preview Assets.xcassets */ = {isa = PBXFileReference; lastKnownFileType = folder.assetcatalog; path = "Preview Assets.xcassets"; sourceTree = "<group>"; };
		C9B9123728AFF1CF00A19796 /* LotteryPickerTests.xctest */ = {isa = PBXFileReference; explicitFileType = wrapper.cfbundle; includeInIndex = 0; path = LotteryPickerTests.xctest; sourceTree = BUILT_PRODUCTS_DIR; };
		C9B9123B28AFF1CF00A19796 /* LotteryPickerTests.swift */ = {isa = PBXFileReference; lastKnownFileType = sourcecode.swift; path = LotteryPickerTests.swift; sourceTree = "<group>"; };
		C9B9124128AFF1CF00A19796 /* LotteryPickerUITests.xctest */ = {isa = PBXFileReference; explicitFileType = wrapper.cfbundle; includeInIndex = 0; path = LotteryPickerUITests.xctest; sourceTree = BUILT_PRODUCTS_DIR; };
		C9B9124528AFF1CF00A19796 /* LotteryPickerUITests.swift */ = {isa = PBXFileReference; lastKnownFileType = sourcecode.swift; path = LotteryPickerUITests.swift; sourceTree = "<group>"; };
		C9B9124728AFF1CF00A19796 /* LotteryPickerUITestsLaunchTests.swift */ = {isa = PBXFileReference; lastKnownFileType = sourcecode.swift; path = LotteryPickerUITestsLaunchTests.swift; sourceTree = "<group>"; };
		C9B9125728AFF9B500A19796 /* Picker649.swift */ = {isa = PBXFileReference; lastKnownFileType = sourcecode.swift; path = Picker649.swift; sourceTree = "<group>"; };
/* End PBXFileReference section */

/* Begin PBXFrameworksBuildPhase section */
		C9B9122428AFF1CE00A19796 /* Frameworks */ = {
			isa = PBXFrameworksBuildPhase;
			buildActionMask = 2147483647;
			files = (
			);
			runOnlyForDeploymentPostprocessing = 0;
		};
		C9B9123428AFF1CF00A19796 /* Frameworks */ = {
			isa = PBXFrameworksBuildPhase;
			buildActionMask = 2147483647;
			files = (
			);
			runOnlyForDeploymentPostprocessing = 0;
		};
		C9B9123E28AFF1CF00A19796 /* Frameworks */ = {
			isa = PBXFrameworksBuildPhase;
			buildActionMask = 2147483647;
			files = (
			);
			runOnlyForDeploymentPostprocessing = 0;
		};
/* End PBXFrameworksBuildPhase section */

/* Begin PBXGroup section */
		C9B9121E28AFF1CE00A19796 = {
			isa = PBXGroup;
			children = (
				C9B9122928AFF1CE00A19796 /* LotteryPicker */,
				C9B9123A28AFF1CF00A19796 /* LotteryPickerTests */,
				C9B9124428AFF1CF00A19796 /* LotteryPickerUITests */,
				C9B9122828AFF1CE00A19796 /* Products */,
			);
			sourceTree = "<group>";
		};
		C9B9122828AFF1CE00A19796 /* Products */ = {
			isa = PBXGroup;
			children = (
				C9B9122728AFF1CE00A19796 /* LotteryPicker.app */,
				C9B9123728AFF1CF00A19796 /* LotteryPickerTests.xctest */,
				C9B9124128AFF1CF00A19796 /* LotteryPickerUITests.xctest */,
			);
			name = Products;
			sourceTree = "<group>";
		};
		C9B9122928AFF1CE00A19796 /* LotteryPicker */ = {
			isa = PBXGroup;
			children = (
				C9B9125428AFF98000A19796 /* Views */,
				C9B9122A28AFF1CE00A19796 /* LotteryPickerApp.swift */,
				C9B9122E28AFF1CF00A19796 /* Assets.xcassets */,
				C9B9123028AFF1CF00A19796 /* Preview Content */,
			);
			path = LotteryPicker;
			sourceTree = "<group>";
		};
		C9B9123028AFF1CF00A19796 /* Preview Content */ = {
			isa = PBXGroup;
			children = (
				C9B9123128AFF1CF00A19796 /* Preview Assets.xcassets */,
			);
			path = "Preview Content";
			sourceTree = "<group>";
		};
		C9B9123A28AFF1CF00A19796 /* LotteryPickerTests */ = {
			isa = PBXGroup;
			children = (
				C9B9123B28AFF1CF00A19796 /* LotteryPickerTests.swift */,
			);
			path = LotteryPickerTests;
			sourceTree = "<group>";
		};
		C9B9124428AFF1CF00A19796 /* LotteryPickerUITests */ = {
			isa = PBXGroup;
			children = (
				C9B9124528AFF1CF00A19796 /* LotteryPickerUITests.swift */,
				C9B9124728AFF1CF00A19796 /* LotteryPickerUITestsLaunchTests.swift */,
			);
			path = LotteryPickerUITests;
			sourceTree = "<group>";
		};
		C9B9125428AFF98000A19796 /* Views */ = {
			isa = PBXGroup;
			children = (
				C9B9122C28AFF1CE00A19796 /* ContentView.swift */,
				C9B9125728AFF9B500A19796 /* Picker649.swift */,
			);
			path = Views;
			sourceTree = "<group>";
		};
/* End PBXGroup section */

/* Begin PBXNativeTarget section */
		C9B9122628AFF1CE00A19796 /* LotteryPicker */ = {
			isa = PBXNativeTarget;
			buildConfigurationList = C9B9124B28AFF1CF00A19796 /* Build configuration list for PBXNativeTarget "LotteryPicker" */;
			buildPhases = (
				C9B9122328AFF1CE00A19796 /* Sources */,
				C9B9122428AFF1CE00A19796 /* Frameworks */,
				C9B9122528AFF1CE00A19796 /* Resources */,
			);
			buildRules = (
			);
			dependencies = (
			);
			name = LotteryPicker;
			productName = LotteryPicker;
			productReference = C9B9122728AFF1CE00A19796 /* LotteryPicker.app */;
			productType = "com.apple.product-type.application";
		};
		C9B9123628AFF1CF00A19796 /* LotteryPickerTests */ = {
			isa = PBXNativeTarget;
			buildConfigurationList = C9B9124E28AFF1CF00A19796 /* Build configuration list for PBXNativeTarget "LotteryPickerTests" */;
			buildPhases = (
				C9B9123328AFF1CF00A19796 /* Sources */,
				C9B9123428AFF1CF00A19796 /* Frameworks */,
				C9B9123528AFF1CF00A19796 /* Resources */,
			);
			buildRules = (
			);
			dependencies = (
				C9B9123928AFF1CF00A19796 /* PBXTargetDependency */,
			);
			name = LotteryPickerTests;
			productName = LotteryPickerTests;
			productReference = C9B9123728AFF1CF00A19796 /* LotteryPickerTests.xctest */;
			productType = "com.apple.product-type.bundle.unit-test";
		};
		C9B9124028AFF1CF00A19796 /* LotteryPickerUITests */ = {
			isa = PBXNativeTarget;
			buildConfigurationList = C9B9125128AFF1CF00A19796 /* Build configuration list for PBXNativeTarget "LotteryPickerUITests" */;
			buildPhases = (
				C9B9123D28AFF1CF00A19796 /* Sources */,
				C9B9123E28AFF1CF00A19796 /* Frameworks */,
				C9B9123F28AFF1CF00A19796 /* Resources */,
			);
			buildRules = (
			);
			dependencies = (
				C9B9124328AFF1CF00A19796 /* PBXTargetDependency */,
			);
			name = LotteryPickerUITests;
			productName = LotteryPickerUITests;
			productReference = C9B9124128AFF1CF00A19796 /* LotteryPickerUITests.xctest */;
			productType = "com.apple.product-type.bundle.ui-testing";
		};
/* End PBXNativeTarget section */

/* Begin PBXProject section */
		C9B9121F28AFF1CE00A19796 /* Project object */ = {
			isa = PBXProject;
			attributes = {
				BuildIndependentTargetsInParallel = 1;
				LastSwiftUpdateCheck = 1340;
				LastUpgradeCheck = 1340;
				TargetAttributes = {
					C9B9122628AFF1CE00A19796 = {
						CreatedOnToolsVersion = 13.4.1;
					};
					C9B9123628AFF1CF00A19796 = {
						CreatedOnToolsVersion = 13.4.1;
						TestTargetID = C9B9122628AFF1CE00A19796;
					};
					C9B9124028AFF1CF00A19796 = {
						CreatedOnToolsVersion = 13.4.1;
						TestTargetID = C9B9122628AFF1CE00A19796;
					};
				};
			};
			buildConfigurationList = C9B9122228AFF1CE00A19796 /* Build configuration list for PBXProject "LotteryPicker" */;
			compatibilityVersion = "Xcode 13.0";
			developmentRegion = en;
			hasScannedForEncodings = 0;
			knownRegions = (
				en,
				Base,
			);
			mainGroup = C9B9121E28AFF1CE00A19796;
			productRefGroup = C9B9122828AFF1CE00A19796 /* Products */;
			projectDirPath = "";
			projectRoot = "";
			targets = (
				C9B9122628AFF1CE00A19796 /* LotteryPicker */,
				C9B9123628AFF1CF00A19796 /* LotteryPickerTests */,
				C9B9124028AFF1CF00A19796 /* LotteryPickerUITests */,
			);
		};
/* End PBXProject section */

/* Begin PBXResourcesBuildPhase section */
		C9B9122528AFF1CE00A19796 /* Resources */ = {
			isa = PBXResourcesBuildPhase;
			buildActionMask = 2147483647;
			files = (
				C9B9123228AFF1CF00A19796 /* Preview Assets.xcassets in Resources */,
				C9B9122F28AFF1CF00A19796 /* Assets.xcassets in Resources */,
			);
			runOnlyForDeploymentPostprocessing = 0;
		};
		C9B9123528AFF1CF00A19796 /* Resources */ = {
			isa = PBXResourcesBuildPhase;
			buildActionMask = 2147483647;
			files = (
			);
			runOnlyForDeploymentPostprocessing = 0;
		};
		C9B9123F28AFF1CF00A19796 /* Resources */ = {
			isa = PBXResourcesBuildPhase;
			buildActionMask = 2147483647;
			files = (
			);
			runOnlyForDeploymentPostprocessing = 0;
		};
/* End PBXResourcesBuildPhase section */

/* Begin PBXSourcesBuildPhase section */
		C9B9122328AFF1CE00A19796 /* Sources */ = {
			isa = PBXSourcesBuildPhase;
			buildActionMask = 2147483647;
			files = (
				C9B9125828AFF9B500A19796 /* Picker649.swift in Sources */,
				C9B9122D28AFF1CE00A19796 /* ContentView.swift in Sources */,
				C9B9122B28AFF1CE00A19796 /* LotteryPickerApp.swift in Sources */,
			);
			runOnlyForDeploymentPostprocessing = 0;
		};
		C9B9123328AFF1CF00A19796 /* Sources */ = {
			isa = PBXSourcesBuildPhase;
			buildActionMask = 2147483647;
			files = (
				C9B9123C28AFF1CF00A19796 /* LotteryPickerTests.swift in Sources */,
			);
			runOnlyForDeploymentPostprocessing = 0;
		};
		C9B9123D28AFF1CF00A19796 /* Sources */ = {
			isa = PBXSourcesBuildPhase;
			buildActionMask = 2147483647;
			files = (
				C9B9124828AFF1CF00A19796 /* LotteryPickerUITestsLaunchTests.swift in Sources */,
				C9B9124628AFF1CF00A19796 /* LotteryPickerUITests.swift in Sources */,
			);
			runOnlyForDeploymentPostprocessing = 0;
		};
/* End PBXSourcesBuildPhase section */

/* Begin PBXTargetDependency section */
		C9B9123928AFF1CF00A19796 /* PBXTargetDependency */ = {
			isa = PBXTargetDependency;
			target = C9B9122628AFF1CE00A19796 /* LotteryPicker */;
			targetProxy = C9B9123828AFF1CF00A19796 /* PBXContainerItemProxy */;
		};
		C9B9124328AFF1CF00A19796 /* PBXTargetDependency */ = {
			isa = PBXTargetDependency;
			target = C9B9122628AFF1CE00A19796 /* LotteryPicker */;
			targetProxy = C9B9124228AFF1CF00A19796 /* PBXContainerItemProxy */;
		};
/* End PBXTargetDependency section */

/* Begin XCBuildConfiguration section */
		C9B9124928AFF1CF00A19796 /* Debug */ = {
			isa = XCBuildConfiguration;
			buildSettings = {
				ALWAYS_SEARCH_USER_PATHS = NO;
				CLANG_ANALYZER_NONNULL = YES;
				CLANG_ANALYZER_NUMBER_OBJECT_CONVERSION = YES_AGGRESSIVE;
				CLANG_CXX_LANGUAGE_STANDARD = "gnu++17";
				CLANG_ENABLE_MODULES = YES;
				CLANG_ENABLE_OBJC_ARC = YES;
				CLANG_ENABLE_OBJC_WEAK = YES;
				CLANG_WARN_BLOCK_CAPTURE_AUTORELEASING = YES;
				CLANG_WARN_BOOL_CONVERSION = YES;
				CLANG_WARN_COMMA = YES;
				CLANG_WARN_CONSTANT_CONVERSION = YES;
				CLANG_WARN_DEPRECATED_OBJC_IMPLEMENTATIONS = YES;
				CLANG_WARN_DIRECT_OBJC_ISA_USAGE = YES_ERROR;
				CLANG_WARN_DOCUMENTATION_COMMENTS = YES;
				CLANG_WARN_EMPTY_BODY = YES;
				CLANG_WARN_ENUM_CONVERSION = YES;
				CLANG_WARN_INFINITE_RECURSION = YES;
				CLANG_WARN_INT_CONVERSION = YES;
				CLANG_WARN_NON_LITERAL_NULL_CONVERSION = YES;
				CLANG_WARN_OBJC_IMPLICIT_RETAIN_SELF = YES;
				CLANG_WARN_OBJC_LITERAL_CONVERSION = YES;
				CLANG_WARN_OBJC_ROOT_CLASS = YES_ERROR;
				CLANG_WARN_QUOTED_INCLUDE_IN_FRAMEWORK_HEADER = YES;
				CLANG_WARN_RANGE_LOOP_ANALYSIS = YES;
				CLANG_WARN_STRICT_PROTOTYPES = YES;
				CLANG_WARN_SUSPICIOUS_MOVE = YES;
				CLANG_WARN_UNGUARDED_AVAILABILITY = YES_AGGRESSIVE;
				CLANG_WARN_UNREACHABLE_CODE = YES;
				CLANG_WARN__DUPLICATE_METHOD_MATCH = YES;
				COPY_PHASE_STRIP = NO;
				DEBUG_INFORMATION_FORMAT = dwarf;
				ENABLE_STRICT_OBJC_MSGSEND = YES;
				ENABLE_TESTABILITY = YES;
				GCC_C_LANGUAGE_STANDARD = gnu11;
				GCC_DYNAMIC_NO_PIC = NO;
				GCC_NO_COMMON_BLOCKS = YES;
				GCC_OPTIMIZATION_LEVEL = 0;
				GCC_PREPROCESSOR_DEFINITIONS = (
					"DEBUG=1",
					"$(inherited)",
				);
				GCC_WARN_64_TO_32_BIT_CONVERSION = YES;
				GCC_WARN_ABOUT_RETURN_TYPE = YES_ERROR;
				GCC_WARN_UNDECLARED_SELECTOR = YES;
				GCC_WARN_UNINITIALIZED_AUTOS = YES_AGGRESSIVE;
				GCC_WARN_UNUSED_FUNCTION = YES;
				GCC_WARN_UNUSED_VARIABLE = YES;
				IPHONEOS_DEPLOYMENT_TARGET = 15.5;
				MTL_ENABLE_DEBUG_INFO = INCLUDE_SOURCE;
				MTL_FAST_MATH = YES;
				ONLY_ACTIVE_ARCH = YES;
				SDKROOT = iphoneos;
				SWIFT_ACTIVE_COMPILATION_CONDITIONS = DEBUG;
				SWIFT_OPTIMIZATION_LEVEL = "-Onone";
			};
			name = Debug;
		};
		C9B9124A28AFF1CF00A19796 /* Release */ = {
			isa = XCBuildConfiguration;
			buildSettings = {
				ALWAYS_SEARCH_USER_PATHS = NO;
				CLANG_ANALYZER_NONNULL = YES;
				CLANG_ANALYZER_NUMBER_OBJECT_CONVERSION = YES_AGGRESSIVE;
				CLANG_CXX_LANGUAGE_STANDARD = "gnu++17";
				CLANG_ENABLE_MODULES = YES;
				CLANG_ENABLE_OBJC_ARC = YES;
				CLANG_ENABLE_OBJC_WEAK = YES;
				CLANG_WARN_BLOCK_CAPTURE_AUTORELEASING = YES;
				CLANG_WARN_BOOL_CONVERSION = YES;
				CLANG_WARN_COMMA = YES;
				CLANG_WARN_CONSTANT_CONVERSION = YES;
				CLANG_WARN_DEPRECATED_OBJC_IMPLEMENTATIONS = YES;
				CLANG_WARN_DIRECT_OBJC_ISA_USAGE = YES_ERROR;
				CLANG_WARN_DOCUMENTATION_COMMENTS = YES;
				CLANG_WARN_EMPTY_BODY = YES;
				CLANG_WARN_ENUM_CONVERSION = YES;
				CLANG_WARN_INFINITE_RECURSION = YES;
				CLANG_WARN_INT_CONVERSION = YES;
				CLANG_WARN_NON_LITERAL_NULL_CONVERSION = YES;
				CLANG_WARN_OBJC_IMPLICIT_RETAIN_SELF = YES;
				CLANG_WARN_OBJC_LITERAL_CONVERSION = YES;
				CLANG_WARN_OBJC_ROOT_CLASS = YES_ERROR;
				CLANG_WARN_QUOTED_INCLUDE_IN_FRAMEWORK_HEADER = YES;
				CLANG_WARN_RANGE_LOOP_ANALYSIS = YES;
				CLANG_WARN_STRICT_PROTOTYPES = YES;
				CLANG_WARN_SUSPICIOUS_MOVE = YES;
				CLANG_WARN_UNGUARDED_AVAILABILITY = YES_AGGRESSIVE;
				CLANG_WARN_UNREACHABLE_CODE = YES;
				CLANG_WARN__DUPLICATE_METHOD_MATCH = YES;
				COPY_PHASE_STRIP = NO;
				DEBUG_INFORMATION_FORMAT = "dwarf-with-dsym";
				ENABLE_NS_ASSERTIONS = NO;
				ENABLE_STRICT_OBJC_MSGSEND = YES;
				GCC_C_LANGUAGE_STANDARD = gnu11;
				GCC_NO_COMMON_BLOCKS = YES;
				GCC_WARN_64_TO_32_BIT_CONVERSION = YES;
				GCC_WARN_ABOUT_RETURN_TYPE = YES_ERROR;
				GCC_WARN_UNDECLARED_SELECTOR = YES;
				GCC_WARN_UNINITIALIZED_AUTOS = YES_AGGRESSIVE;
				GCC_WARN_UNUSED_FUNCTION = YES;
				GCC_WARN_UNUSED_VARIABLE = YES;
				IPHONEOS_DEPLOYMENT_TARGET = 15.5;
				MTL_ENABLE_DEBUG_INFO = NO;
				MTL_FAST_MATH = YES;
				SDKROOT = iphoneos;
				SWIFT_COMPILATION_MODE = wholemodule;
				SWIFT_OPTIMIZATION_LEVEL = "-O";
				VALIDATE_PRODUCT = YES;
			};
			name = Release;
		};
		C9B9124C28AFF1CF00A19796 /* Debug */ = {
			isa = XCBuildConfiguration;
			buildSettings = {
				ASSETCATALOG_COMPILER_APPICON_NAME = AppIcon;
				ASSETCATALOG_COMPILER_GLOBAL_ACCENT_COLOR_NAME = AccentColor;
				CODE_SIGN_STYLE = Automatic;
				CURRENT_PROJECT_VERSION = 1;
				DEVELOPMENT_ASSET_PATHS = "\"LotteryPicker/Preview Content\"";
				DEVELOPMENT_TEAM = TK2D96DLGZ;
				ENABLE_PREVIEWS = YES;
				GENERATE_INFOPLIST_FILE = YES;
				INFOPLIST_KEY_UIApplicationSceneManifest_Generation = YES;
				INFOPLIST_KEY_UIApplicationSupportsIndirectInputEvents = YES;
				INFOPLIST_KEY_UILaunchScreen_Generation = YES;
				INFOPLIST_KEY_UISupportedInterfaceOrientations_iPad = "UIInterfaceOrientationPortrait UIInterfaceOrientationPortraitUpsideDown UIInterfaceOrientationLandscapeLeft UIInterfaceOrientationLandscapeRight";
				INFOPLIST_KEY_UISupportedInterfaceOrientations_iPhone = "UIInterfaceOrientationPortrait UIInterfaceOrientationLandscapeLeft UIInterfaceOrientationLandscapeRight";
				LD_RUNPATH_SEARCH_PATHS = (
					"$(inherited)",
					"@executable_path/Frameworks",
				);
				MARKETING_VERSION = 1.0;
				PRODUCT_BUNDLE_IDENTIFIER = com.jguo.LotteryPicker;
				PRODUCT_NAME = "$(TARGET_NAME)";
				SWIFT_EMIT_LOC_STRINGS = YES;
				SWIFT_VERSION = 5.0;
				TARGETED_DEVICE_FAMILY = "1,2";
			};
			name = Debug;
		};
		C9B9124D28AFF1CF00A19796 /* Release */ = {
			isa = XCBuildConfiguration;
			buildSettings = {
				ASSETCATALOG_COMPILER_APPICON_NAME = AppIcon;
				ASSETCATALOG_COMPILER_GLOBAL_ACCENT_COLOR_NAME = AccentColor;
				CODE_SIGN_STYLE = Automatic;
				CURRENT_PROJECT_VERSION = 1;
				DEVELOPMENT_ASSET_PATHS = "\"LotteryPicker/Preview Content\"";
				DEVELOPMENT_TEAM = TK2D96DLGZ;
				ENABLE_PREVIEWS = YES;
				GENERATE_INFOPLIST_FILE = YES;
				INFOPLIST_KEY_UIApplicationSceneManifest_Generation = YES;
				INFOPLIST_KEY_UIApplicationSupportsIndirectInputEvents = YES;
				INFOPLIST_KEY_UILaunchScreen_Generation = YES;
				INFOPLIST_KEY_UISupportedInterfaceOrientations_iPad = "UIInterfaceOrientationPortrait UIInterfaceOrientationPortraitUpsideDown UIInterfaceOrientationLandscapeLeft UIInterfaceOrientationLandscapeRight";
				INFOPLIST_KEY_UISupportedInterfaceOrientations_iPhone = "UIInterfaceOrientationPortrait UIInterfaceOrientationLandscapeLeft UIInterfaceOrientationLandscapeRight";
				LD_RUNPATH_SEARCH_PATHS = (
					"$(inherited)",
					"@executable_path/Frameworks",
				);
				MARKETING_VERSION = 1.0;
				PRODUCT_BUNDLE_IDENTIFIER = com.jguo.LotteryPicker;
				PRODUCT_NAME = "$(TARGET_NAME)";
				SWIFT_EMIT_LOC_STRINGS = YES;
				SWIFT_VERSION = 5.0;
				TARGETED_DEVICE_FAMILY = "1,2";
			};
			name = Release;
		};
		C9B9124F28AFF1CF00A19796 /* Debug */ = {
			isa = XCBuildConfiguration;
			buildSettings = {
				ALWAYS_EMBED_SWIFT_STANDARD_LIBRARIES = YES;
				BUNDLE_LOADER = "$(TEST_HOST)";
				CODE_SIGN_STYLE = Automatic;
				CURRENT_PROJECT_VERSION = 1;
				DEVELOPMENT_TEAM = TK2D96DLGZ;
				GENERATE_INFOPLIST_FILE = YES;
				IPHONEOS_DEPLOYMENT_TARGET = 15.5;
				MARKETING_VERSION = 1.0;
				PRODUCT_BUNDLE_IDENTIFIER = com.jguo.LotteryPickerTests;
				PRODUCT_NAME = "$(TARGET_NAME)";
				SWIFT_EMIT_LOC_STRINGS = NO;
				SWIFT_VERSION = 5.0;
				TARGETED_DEVICE_FAMILY = "1,2";
				TEST_HOST = "$(BUILT_PRODUCTS_DIR)/LotteryPicker.app/LotteryPicker";
			};
			name = Debug;
		};
		C9B9125028AFF1CF00A19796 /* Release */ = {
			isa = XCBuildConfiguration;
			buildSettings = {
				ALWAYS_EMBED_SWIFT_STANDARD_LIBRARIES = YES;
				BUNDLE_LOADER = "$(TEST_HOST)";
				CODE_SIGN_STYLE = Automatic;
				CURRENT_PROJECT_VERSION = 1;
				DEVELOPMENT_TEAM = TK2D96DLGZ;
				GENERATE_INFOPLIST_FILE = YES;
				IPHONEOS_DEPLOYMENT_TARGET = 15.5;
				MARKETING_VERSION = 1.0;
				PRODUCT_BUNDLE_IDENTIFIER = com.jguo.LotteryPickerTests;
				PRODUCT_NAME = "$(TARGET_NAME)";
				SWIFT_EMIT_LOC_STRINGS = NO;
				SWIFT_VERSION = 5.0;
				TARGETED_DEVICE_FAMILY = "1,2";
				TEST_HOST = "$(BUILT_PRODUCTS_DIR)/LotteryPicker.app/LotteryPicker";
			};
			name = Release;
		};
		C9B9125228AFF1CF00A19796 /* Debug */ = {
			isa = XCBuildConfiguration;
			buildSettings = {
				ALWAYS_EMBED_SWIFT_STANDARD_LIBRARIES = YES;
				CODE_SIGN_STYLE = Automatic;
				CURRENT_PROJECT_VERSION = 1;
				DEVELOPMENT_TEAM = TK2D96DLGZ;
				GENERATE_INFOPLIST_FILE = YES;
				MARKETING_VERSION = 1.0;
				PRODUCT_BUNDLE_IDENTIFIER = com.jguo.LotteryPickerUITests;
				PRODUCT_NAME = "$(TARGET_NAME)";
				SWIFT_EMIT_LOC_STRINGS = NO;
				SWIFT_VERSION = 5.0;
				TARGETED_DEVICE_FAMILY = "1,2";
				TEST_TARGET_NAME = LotteryPicker;
			};
			name = Debug;
		};
		C9B9125328AFF1CF00A19796 /* Release */ = {
			isa = XCBuildConfiguration;
			buildSettings = {
				ALWAYS_EMBED_SWIFT_STANDARD_LIBRARIES = YES;
				CODE_SIGN_STYLE = Automatic;
				CURRENT_PROJECT_VERSION = 1;
				DEVELOPMENT_TEAM = TK2D96DLGZ;
				GENERATE_INFOPLIST_FILE = YES;
				MARKETING_VERSION = 1.0;
				PRODUCT_BUNDLE_IDENTIFIER = com.jguo.LotteryPickerUITests;
				PRODUCT_NAME = "$(TARGET_NAME)";
				SWIFT_EMIT_LOC_STRINGS = NO;
				SWIFT_VERSION = 5.0;
				TARGETED_DEVICE_FAMILY = "1,2";
				TEST_TARGET_NAME = LotteryPicker;
			};
			name = Release;
		};
/* End XCBuildConfiguration section */

/* Begin XCConfigurationList section */
		C9B9122228AFF1CE00A19796 /* Build configuration list for PBXProject "LotteryPicker" */ = {
			isa = XCConfigurationList;
			buildConfigurations = (
				C9B9124928AFF1CF00A19796 /* Debug */,
				C9B9124A28AFF1CF00A19796 /* Release */,
			);
			defaultConfigurationIsVisible = 0;
			defaultConfigurationName = Release;
		};
		C9B9124B28AFF1CF00A19796 /* Build configuration list for PBXNativeTarget "LotteryPicker" */ = {
			isa = XCConfigurationList;
			buildConfigurations = (
				C9B9124C28AFF1CF00A19796 /* Debug */,
				C9B9124D28AFF1CF00A19796 /* Release */,
			);
			defaultConfigurationIsVisible = 0;
			defaultConfigurationName = Release;
		};
		C9B9124E28AFF1CF00A19796 /* Build configuration list for PBXNativeTarget "LotteryPickerTests" */ = {
			isa = XCConfigurationList;
			buildConfigurations = (
				C9B9124F28AFF1CF00A19796 /* Debug */,
				C9B9125028AFF1CF00A19796 /* Release */,
			);
			defaultConfigurationIsVisible = 0;
			defaultConfigurationName = Release;
		};
		C9B9125128AFF1CF00A19796 /* Build configuration list for PBXNativeTarget "LotteryPickerUITests" */ = {
			isa = XCConfigurationList;
			buildConfigurations = (
				C9B9125228AFF1CF00A19796 /* Debug */,
				C9B9125328AFF1CF00A19796 /* Release */,
			);
			defaultConfigurationIsVisible = 0;
			defaultConfigurationName = Release;
		};
/* End XCConfigurationList section */
	};
	rootObject = C9B9121F28AFF1CE00A19796 /* Project object */;
}
